
Microsoft Visual Studio Solution File, Format Version 12.00
Project("{FAE04EC0-301F-11D3-BF4B-00C04F79EFBC}") = "COMP2139-ICE", "COMP2139-ICE.csproj", "{1ED20F6A-64D0-4860-A549-3AD1FCF769CE}"
EndProject
Global
	GlobalSection(SolutionConfigurationPlatforms) = preSolution
		Debug|Any CPU = Debug|Any CPU
		Release|Any CPU = Release|Any CPU
	EndGlobalSection
	GlobalSection(ProjectConfigurationPlatforms) = postSolution
		{1ED20F6A-64D0-4860-A549-3AD1FCF769CE}.Debug|Any CPU.ActiveCfg = Debug|Any CPU
		{1ED20F6A-64D0-4860-A549-3AD1FCF769CE}.Debug|Any CPU.Build.0 = Debug|Any CPU
		{1ED20F6A-64D0-4860-A549-3AD1FCF769CE}.Release|Any CPU.ActiveCfg = Release|Any CPU
		{1ED20F6A-64D0-4860-A549-3AD1FCF769CE}.Release|Any CPU.Build.0 = Release|Any CPU
	EndGlobalSection
EndGlobal
